
Microsoft Visual Studio Solution File, Format Version 12.00
# Visual Studio Version 16
VisualStudioVersion = 16.0.29613.14
MinimumVisualStudioVersion = 10.0.40219.1
Project("{2150E333-8FDC-42A3-9474-1A3956D46DE8}") = "src", "src", "{28C2BC5E-7B54-49EF-BE6B-0DB31513653C}"
EndProject
Project("{2150E333-8FDC-42A3-9474-1A3956D46DE8}") = "1 - Presentation", "1 - Presentation", "{3E2BD83F-5A31-415A-990F-FA1FB1F44A5B}"
EndProject
Project("{2150E333-8FDC-42A3-9474-1A3956D46DE8}") = "2 - Services", "2 - Services", "{B26D67B8-DE82-43CF-977D-7972DF645F50}"
EndProject
Project("{2150E333-8FDC-42A3-9474-1A3956D46DE8}") = "3 - Application", "3 - Application", "{E6D3FA30-996E-4485-946B-4098AC9A6362}"
EndProject
Project("{2150E333-8FDC-42A3-9474-1A3956D46DE8}") = "4 - Domain", "4 - Domain", "{F6EF8F9C-26F4-473A-A323-F8B5276DB91A}"
EndProject
Project("{2150E333-8FDC-42A3-9474-1A3956D46DE8}") = "5 - Infra", "5 - Infra", "{A3619F2A-A0FD-4922-AE17-D8221CD13B2E}"
EndProject
Project("{2150E333-8FDC-42A3-9474-1A3956D46DE8}") = "5.1 - Data", "5.1 - Data", "{AA0A7110-8ACC-4137-9662-CE7118D54CCA}"
EndProject
Project("{2150E333-8FDC-42A3-9474-1A3956D46DE8}") = "5.2 - CrossCutting", "5.2 - CrossCutting", "{8B4E6A57-C1E7-4857-9E96-0358AA647A39}"
EndProject
Project("{9A19103F-16F7-4668-BE54-9A1E7A4F7556}") = "Agenda.Domain", "Agenda.Domain\Agenda.Domain.csproj", "{672E53E8-0B7C-40DD-957B-0F2ED8CAC810}"
EndProject
Project("{9A19103F-16F7-4668-BE54-9A1E7A4F7556}") = "Agenda.Domain.Core", "Agenda.Domain.Core\Agenda.Domain.Core.csproj", "{AF8D654A-FDB1-46AF-A5EB-4A72D3F65036}"
EndProject
Project("{9A19103F-16F7-4668-BE54-9A1E7A4F7556}") = "Agenda.Application", "Agenda.Application\Agenda.Application.csproj", "{5D114EA9-75F5-42C4-8B0A-7A20FAE6E098}"
EndProject
Project("{9A19103F-16F7-4668-BE54-9A1E7A4F7556}") = "Agenda.Infra.CrossCutting.IoC", "Agenda.Infra.CrossCutting.IoC\Agenda.Infra.CrossCutting.IoC.csproj", "{A3461FA8-469D-4D45-8A77-0A0C508EB73F}"
EndProject
Project("{9A19103F-16F7-4668-BE54-9A1E7A4F7556}") = "EventSoursing", "EventSoursing\EventSoursing.csproj", "{8FF2EF80-76F7-42F1-94E8-02D2DD5A4081}"
EndProject
Project("{9A19103F-16F7-4668-BE54-9A1E7A4F7556}") = "Agenda.Infra.Data.MongoDB", "Agenda.Infra.Data.MongoDB\Agenda.Infra.Data.MongoDB.csproj", "{C9C5C5B9-5DDB-4A07-886A-CEB5885A795E}"
EndProject
Project("{9A19103F-16F7-4668-BE54-9A1E7A4F7556}") = "Agenda.Infra.Data", "Agenda.Infra.Data\Agenda.Infra.Data.csproj", "{12F9693C-F0C6-4FA8-91D9-F076CEAF715E}"
EndProject
Project("{9A19103F-16F7-4668-BE54-9A1E7A4F7556}") = "Agenda.UI.Web", "Agenda.UI.Web\Agenda.UI.Web.csproj", "{072254AE-BAFA-4DB1-82A2-53D3DEBE36B3}"
EndProject
Project("{FAE04EC0-301F-11D3-BF4B-00C04F79EFBC}") = "Agenda.Domain.Test", "Agenda.Domain.Test\Agenda.Domain.Test.csproj", "{9AF88C87-A0C3-4C39-9D48-DB6072C2441D}"
EndProject
Global
	GlobalSection(SolutionConfigurationPlatforms) = preSolution
		Debug|Any CPU = Debug|Any CPU
		Release|Any CPU = Release|Any CPU
	EndGlobalSection
	GlobalSection(ProjectConfigurationPlatforms) = postSolution
		{672E53E8-0B7C-40DD-957B-0F2ED8CAC810}.Debug|Any CPU.ActiveCfg = Debug|Any CPU
		{672E53E8-0B7C-40DD-957B-0F2ED8CAC810}.Debug|Any CPU.Build.0 = Debug|Any CPU
		{672E53E8-0B7C-40DD-957B-0F2ED8CAC810}.Release|Any CPU.ActiveCfg = Release|Any CPU
		{672E53E8-0B7C-40DD-957B-0F2ED8CAC810}.Release|Any CPU.Build.0 = Release|Any CPU
		{AF8D654A-FDB1-46AF-A5EB-4A72D3F65036}.Debug|Any CPU.ActiveCfg = Debug|Any CPU
		{AF8D654A-FDB1-46AF-A5EB-4A72D3F65036}.Debug|Any CPU.Build.0 = Debug|Any CPU
		{AF8D654A-FDB1-46AF-A5EB-4A72D3F65036}.Release|Any CPU.ActiveCfg = Release|Any CPU
		{AF8D654A-FDB1-46AF-A5EB-4A72D3F65036}.Release|Any CPU.Build.0 = Release|Any CPU
		{5D114EA9-75F5-42C4-8B0A-7A20FAE6E098}.Debug|Any CPU.ActiveCfg = Debug|Any CPU
		{5D114EA9-75F5-42C4-8B0A-7A20FAE6E098}.Debug|Any CPU.Build.0 = Debug|Any CPU
		{5D114EA9-75F5-42C4-8B0A-7A20FAE6E098}.Release|Any CPU.ActiveCfg = Release|Any CPU
		{5D114EA9-75F5-42C4-8B0A-7A20FAE6E098}.Release|Any CPU.Build.0 = Release|Any CPU
		{A3461FA8-469D-4D45-8A77-0A0C508EB73F}.Debug|Any CPU.ActiveCfg = Debug|Any CPU
		{A3461FA8-469D-4D45-8A77-0A0C508EB73F}.Debug|Any CPU.Build.0 = Debug|Any CPU
		{A3461FA8-469D-4D45-8A77-0A0C508EB73F}.Release|Any CPU.ActiveCfg = Release|Any CPU
		{A3461FA8-469D-4D45-8A77-0A0C508EB73F}.Release|Any CPU.Build.0 = Release|Any CPU
		{8FF2EF80-76F7-42F1-94E8-02D2DD5A4081}.Debug|Any CPU.ActiveCfg = Debug|Any CPU
		{8FF2EF80-76F7-42F1-94E8-02D2DD5A4081}.Debug|Any CPU.Build.0 = Debug|Any CPU
		{8FF2EF80-76F7-42F1-94E8-02D2DD5A4081}.Release|Any CPU.ActiveCfg = Release|Any CPU
		{8FF2EF80-76F7-42F1-94E8-02D2DD5A4081}.Release|Any CPU.Build.0 = Release|Any CPU
		{C9C5C5B9-5DDB-4A07-886A-CEB5885A795E}.Debug|Any CPU.ActiveCfg = Debug|Any CPU
		{C9C5C5B9-5DDB-4A07-886A-CEB5885A795E}.Debug|Any CPU.Build.0 = Debug|Any CPU
		{C9C5C5B9-5DDB-4A07-886A-CEB5885A795E}.Release|Any CPU.ActiveCfg = Release|Any CPU
		{C9C5C5B9-5DDB-4A07-886A-CEB5885A795E}.Release|Any CPU.Build.0 = Release|Any CPU
		{12F9693C-F0C6-4FA8-91D9-F076CEAF715E}.Debug|Any CPU.ActiveCfg = Debug|Any CPU
		{12F9693C-F0C6-4FA8-91D9-F076CEAF715E}.Debug|Any CPU.Build.0 = Debug|Any CPU
		{12F9693C-F0C6-4FA8-91D9-F076CEAF715E}.Release|Any CPU.ActiveCfg = Release|Any CPU
		{12F9693C-F0C6-4FA8-91D9-F076CEAF715E}.Release|Any CPU.Build.0 = Release|Any CPU
		{072254AE-BAFA-4DB1-82A2-53D3DEBE36B3}.Debug|Any CPU.ActiveCfg = Debug|Any CPU
		{072254AE-BAFA-4DB1-82A2-53D3DEBE36B3}.Debug|Any CPU.Build.0 = Debug|Any CPU
		{072254AE-BAFA-4DB1-82A2-53D3DEBE36B3}.Release|Any CPU.ActiveCfg = Release|Any CPU
		{072254AE-BAFA-4DB1-82A2-53D3DEBE36B3}.Release|Any CPU.Build.0 = Release|Any CPU
		{9AF88C87-A0C3-4C39-9D48-DB6072C2441D}.Debug|Any CPU.ActiveCfg = Debug|Any CPU
		{9AF88C87-A0C3-4C39-9D48-DB6072C2441D}.Debug|Any CPU.Build.0 = Debug|Any CPU
		{9AF88C87-A0C3-4C39-9D48-DB6072C2441D}.Release|Any CPU.ActiveCfg = Release|Any CPU
		{9AF88C87-A0C3-4C39-9D48-DB6072C2441D}.Release|Any CPU.Build.0 = Release|Any CPU
	EndGlobalSection
	GlobalSection(SolutionProperties) = preSolution
		HideSolutionNode = FALSE
	EndGlobalSection
	GlobalSection(NestedProjects) = preSolution
		{3E2BD83F-5A31-415A-990F-FA1FB1F44A5B} = {28C2BC5E-7B54-49EF-BE6B-0DB31513653C}
		{B26D67B8-DE82-43CF-977D-7972DF645F50} = {28C2BC5E-7B54-49EF-BE6B-0DB31513653C}
		{E6D3FA30-996E-4485-946B-4098AC9A6362} = {28C2BC5E-7B54-49EF-BE6B-0DB31513653C}
		{F6EF8F9C-26F4-473A-A323-F8B5276DB91A} = {28C2BC5E-7B54-49EF-BE6B-0DB31513653C}
		{A3619F2A-A0FD-4922-AE17-D8221CD13B2E} = {28C2BC5E-7B54-49EF-BE6B-0DB31513653C}
		{AA0A7110-8ACC-4137-9662-CE7118D54CCA} = {A3619F2A-A0FD-4922-AE17-D8221CD13B2E}
		{8B4E6A57-C1E7-4857-9E96-0358AA647A39} = {A3619F2A-A0FD-4922-AE17-D8221CD13B2E}
		{672E53E8-0B7C-40DD-957B-0F2ED8CAC810} = {F6EF8F9C-26F4-473A-A323-F8B5276DB91A}
		{AF8D654A-FDB1-46AF-A5EB-4A72D3F65036} = {F6EF8F9C-26F4-473A-A323-F8B5276DB91A}
		{5D114EA9-75F5-42C4-8B0A-7A20FAE6E098} = {E6D3FA30-996E-4485-946B-4098AC9A6362}
		{A3461FA8-469D-4D45-8A77-0A0C508EB73F} = {8B4E6A57-C1E7-4857-9E96-0358AA647A39}
		{8FF2EF80-76F7-42F1-94E8-02D2DD5A4081} = {AA0A7110-8ACC-4137-9662-CE7118D54CCA}
		{C9C5C5B9-5DDB-4A07-886A-CEB5885A795E} = {AA0A7110-8ACC-4137-9662-CE7118D54CCA}
		{12F9693C-F0C6-4FA8-91D9-F076CEAF715E} = {AA0A7110-8ACC-4137-9662-CE7118D54CCA}
		{072254AE-BAFA-4DB1-82A2-53D3DEBE36B3} = {3E2BD83F-5A31-415A-990F-FA1FB1F44A5B}
		{9AF88C87-A0C3-4C39-9D48-DB6072C2441D} = {F6EF8F9C-26F4-473A-A323-F8B5276DB91A}
	EndGlobalSection
	GlobalSection(ExtensibilityGlobals) = postSolution
		SolutionGuid = {5C308AC2-EACD-400F-A790-F593582B1BA1}
	EndGlobalSection
EndGlobal
